
Microsoft Visual Studio Solution File, Format Version 12.00
# Visual Studio Version 17
VisualStudioVersion = 17.10.34916.146
MinimumVisualStudioVersion = 10.0.40219.1
Project("{9A19103F-16F7-4668-BE54-9A1E7A4F7556}") = "TwoPointersAndReverse", "TwoPointerAndReverse\TwoPointersAndReverse.csproj", "{DAEBE4D8-794A-44F2-92A8-379B493638F8}"
EndProject
Project("{9A19103F-16F7-4668-BE54-9A1E7A4F7556}") = "Methods", "Methods\Methods.csproj", "{8B08E2C1-1AD1-4297-A2FA-55BA9DC82C4A}"
EndProject
Project("{9A19103F-16F7-4668-BE54-9A1E7A4F7556}") = "TwoSum", "TwoSum\TwoSum.csproj", "{8CD5256B-BFEE-400A-9249-A7BB3B6370BD}"
EndProject
Project("{9A19103F-16F7-4668-BE54-9A1E7A4F7556}") = "Calculator", "Calculator\Calculator.csproj", "{7005CDFC-D32B-493C-B3DD-2CED816499E0}"
EndProject
Project("{9A19103F-16F7-4668-BE54-9A1E7A4F7556}") = "StopWatch", "StopWatch\StopWatch.csproj", "{66745740-7E2D-452C-A4DC-4BB2492F5718}"
EndProject
Project("{9A19103F-16F7-4668-BE54-9A1E7A4F7556}") = "TextEditor", "TextEditor\TextEditor.csproj", "{588ABA8B-064A-4938-9196-6256730B1794}"
EndProject
Project("{FAE04EC0-301F-11D3-BF4B-00C04F79EFBC}") = "StringsStudy", "StringsStudy\StringsStudy.csproj", "{60A609AA-0040-4491-94B7-70C87848CE26}"
EndProject
Global
	GlobalSection(SolutionConfigurationPlatforms) = preSolution
		Debug|Any CPU = Debug|Any CPU
		Release|Any CPU = Release|Any CPU
	EndGlobalSection
	GlobalSection(ProjectConfigurationPlatforms) = postSolution
		{DAEBE4D8-794A-44F2-92A8-379B493638F8}.Debug|Any CPU.ActiveCfg = Debug|Any CPU
		{DAEBE4D8-794A-44F2-92A8-379B493638F8}.Debug|Any CPU.Build.0 = Debug|Any CPU
		{DAEBE4D8-794A-44F2-92A8-379B493638F8}.Release|Any CPU.ActiveCfg = Release|Any CPU
		{DAEBE4D8-794A-44F2-92A8-379B493638F8}.Release|Any CPU.Build.0 = Release|Any CPU
		{8B08E2C1-1AD1-4297-A2FA-55BA9DC82C4A}.Debug|Any CPU.ActiveCfg = Debug|Any CPU
		{8B08E2C1-1AD1-4297-A2FA-55BA9DC82C4A}.Debug|Any CPU.Build.0 = Debug|Any CPU
		{8B08E2C1-1AD1-4297-A2FA-55BA9DC82C4A}.Release|Any CPU.ActiveCfg = Release|Any CPU
		{8B08E2C1-1AD1-4297-A2FA-55BA9DC82C4A}.Release|Any CPU.Build.0 = Release|Any CPU
		{8CD5256B-BFEE-400A-9249-A7BB3B6370BD}.Debug|Any CPU.ActiveCfg = Debug|Any CPU
		{8CD5256B-BFEE-400A-9249-A7BB3B6370BD}.Debug|Any CPU.Build.0 = Debug|Any CPU
		{8CD5256B-BFEE-400A-9249-A7BB3B6370BD}.Release|Any CPU.ActiveCfg = Release|Any CPU
		{8CD5256B-BFEE-400A-9249-A7BB3B6370BD}.Release|Any CPU.Build.0 = Release|Any CPU
		{7005CDFC-D32B-493C-B3DD-2CED816499E0}.Debug|Any CPU.ActiveCfg = Debug|Any CPU
		{7005CDFC-D32B-493C-B3DD-2CED816499E0}.Debug|Any CPU.Build.0 = Debug|Any CPU
		{7005CDFC-D32B-493C-B3DD-2CED816499E0}.Release|Any CPU.ActiveCfg = Release|Any CPU
		{7005CDFC-D32B-493C-B3DD-2CED816499E0}.Release|Any CPU.Build.0 = Release|Any CPU
		{66745740-7E2D-452C-A4DC-4BB2492F5718}.Debug|Any CPU.ActiveCfg = Debug|Any CPU
		{66745740-7E2D-452C-A4DC-4BB2492F5718}.Debug|Any CPU.Build.0 = Debug|Any CPU
		{66745740-7E2D-452C-A4DC-4BB2492F5718}.Release|Any CPU.ActiveCfg = Release|Any CPU
		{66745740-7E2D-452C-A4DC-4BB2492F5718}.Release|Any CPU.Build.0 = Release|Any CPU
		{588ABA8B-064A-4938-9196-6256730B1794}.Debug|Any CPU.ActiveCfg = Debug|Any CPU
		{588ABA8B-064A-4938-9196-6256730B1794}.Debug|Any CPU.Build.0 = Debug|Any CPU
		{588ABA8B-064A-4938-9196-6256730B1794}.Release|Any CPU.ActiveCfg = Release|Any CPU
		{588ABA8B-064A-4938-9196-6256730B1794}.Release|Any CPU.Build.0 = Release|Any CPU
		{60A609AA-0040-4491-94B7-70C87848CE26}.Debug|Any CPU.ActiveCfg = Debug|Any CPU
		{60A609AA-0040-4491-94B7-70C87848CE26}.Debug|Any CPU.Build.0 = Debug|Any CPU
		{60A609AA-0040-4491-94B7-70C87848CE26}.Release|Any CPU.ActiveCfg = Release|Any CPU
		{60A609AA-0040-4491-94B7-70C87848CE26}.Release|Any CPU.Build.0 = Release|Any CPU
	EndGlobalSection
	GlobalSection(SolutionProperties) = preSolution
		HideSolutionNode = FALSE
	EndGlobalSection
	GlobalSection(ExtensibilityGlobals) = postSolution
		SolutionGuid = {14FCDE39-D0F6-42C8-9AA2-9ACE2243D4C2}
	EndGlobalSection
EndGlobal
